{
  "name": "miniprogram",
  "version": "1.0.0",
  "lockfileVersion": 1,
  "requires": true,
  "dependencies": {
    "@vant/weapp": {
      "version": "1.0.5",
      "resolved": "https://registry.npmjs.org/@vant/weapp/-/weapp-1.0.5.tgz",
      "integrity": "sha512-YRgrkAKKVPW6AOGUaiYxjNfl4JS/2LLFCf75QSaSj6Q81c9BknQyOwbQ/h2IuinnM558YZwGYhJ7gT1PLJ7wjg=="
    }
  }
}
